
Microsoft Visual Studio Solution File, Format Version 12.00
# Visual Studio 15
VisualStudioVersion = 15.0.26124.0
MinimumVisualStudioVersion = 15.0.26124.0
Project("{FAE04EC0-301F-11D3-BF4B-00C04F79EFBC}") = "Domain", "Domain\Domain.csproj", "{9FBCA5A3-4475-4EFA-A133-709BCFEF6E98}"
EndProject
Project("{FAE04EC0-301F-11D3-BF4B-00C04F79EFBC}") = "Application", "Application\Application.csproj", "{80AC7B3F-2809-4728-91DC-FA3E522CA568}"
EndProject
Project("{FAE04EC0-301F-11D3-BF4B-00C04F79EFBC}") = "Persistance", "Persistance\Persistance.csproj", "{8DDBEAEF-3523-4B5B-8E1B-76351E58E0D7}"
EndProject
Project("{FAE04EC0-301F-11D3-BF4B-00C04F79EFBC}") = "API", "API\API.csproj", "{896C7294-E635-4985-860B-E6380BB6E43A}"
EndProject
Global
	GlobalSection(SolutionConfigurationPlatforms) = preSolution
		Debug|Any CPU = Debug|Any CPU
		Debug|x64 = Debug|x64
		Debug|x86 = Debug|x86
		Release|Any CPU = Release|Any CPU
		Release|x64 = Release|x64
		Release|x86 = Release|x86
	EndGlobalSection
	GlobalSection(SolutionProperties) = preSolution
		HideSolutionNode = FALSE
	EndGlobalSection
	GlobalSection(ProjectConfigurationPlatforms) = postSolution
		{9FBCA5A3-4475-4EFA-A133-709BCFEF6E98}.Debug|Any CPU.ActiveCfg = Debug|Any CPU
		{9FBCA5A3-4475-4EFA-A133-709BCFEF6E98}.Debug|Any CPU.Build.0 = Debug|Any CPU
		{9FBCA5A3-4475-4EFA-A133-709BCFEF6E98}.Debug|x64.ActiveCfg = Debug|Any CPU
		{9FBCA5A3-4475-4EFA-A133-709BCFEF6E98}.Debug|x64.Build.0 = Debug|Any CPU
		{9FBCA5A3-4475-4EFA-A133-709BCFEF6E98}.Debug|x86.ActiveCfg = Debug|Any CPU
		{9FBCA5A3-4475-4EFA-A133-709BCFEF6E98}.Debug|x86.Build.0 = Debug|Any CPU
		{9FBCA5A3-4475-4EFA-A133-709BCFEF6E98}.Release|Any CPU.ActiveCfg = Release|Any CPU
		{9FBCA5A3-4475-4EFA-A133-709BCFEF6E98}.Release|Any CPU.Build.0 = Release|Any CPU
		{9FBCA5A3-4475-4EFA-A133-709BCFEF6E98}.Release|x64.ActiveCfg = Release|Any CPU
		{9FBCA5A3-4475-4EFA-A133-709BCFEF6E98}.Release|x64.Build.0 = Release|Any CPU
		{9FBCA5A3-4475-4EFA-A133-709BCFEF6E98}.Release|x86.ActiveCfg = Release|Any CPU
		{9FBCA5A3-4475-4EFA-A133-709BCFEF6E98}.Release|x86.Build.0 = Release|Any CPU
		{80AC7B3F-2809-4728-91DC-FA3E522CA568}.Debug|Any CPU.ActiveCfg = Debug|Any CPU
		{80AC7B3F-2809-4728-91DC-FA3E522CA568}.Debug|Any CPU.Build.0 = Debug|Any CPU
		{80AC7B3F-2809-4728-91DC-FA3E522CA568}.Debug|x64.ActiveCfg = Debug|Any CPU
		{80AC7B3F-2809-4728-91DC-FA3E522CA568}.Debug|x64.Build.0 = Debug|Any CPU
		{80AC7B3F-2809-4728-91DC-FA3E522CA568}.Debug|x86.ActiveCfg = Debug|Any CPU
		{80AC7B3F-2809-4728-91DC-FA3E522CA568}.Debug|x86.Build.0 = Debug|Any CPU
		{80AC7B3F-2809-4728-91DC-FA3E522CA568}.Release|Any CPU.ActiveCfg = Release|Any CPU
		{80AC7B3F-2809-4728-91DC-FA3E522CA568}.Release|Any CPU.Build.0 = Release|Any CPU
		{80AC7B3F-2809-4728-91DC-FA3E522CA568}.Release|x64.ActiveCfg = Release|Any CPU
		{80AC7B3F-2809-4728-91DC-FA3E522CA568}.Release|x64.Build.0 = Release|Any CPU
		{80AC7B3F-2809-4728-91DC-FA3E522CA568}.Release|x86.ActiveCfg = Release|Any CPU
		{80AC7B3F-2809-4728-91DC-FA3E522CA568}.Release|x86.Build.0 = Release|Any CPU
		{8DDBEAEF-3523-4B5B-8E1B-76351E58E0D7}.Debug|Any CPU.ActiveCfg = Debug|Any CPU
		{8DDBEAEF-3523-4B5B-8E1B-76351E58E0D7}.Debug|Any CPU.Build.0 = Debug|Any CPU
		{8DDBEAEF-3523-4B5B-8E1B-76351E58E0D7}.Debug|x64.ActiveCfg = Debug|Any CPU
		{8DDBEAEF-3523-4B5B-8E1B-76351E58E0D7}.Debug|x64.Build.0 = Debug|Any CPU
		{8DDBEAEF-3523-4B5B-8E1B-76351E58E0D7}.Debug|x86.ActiveCfg = Debug|Any CPU
		{8DDBEAEF-3523-4B5B-8E1B-76351E58E0D7}.Debug|x86.Build.0 = Debug|Any CPU
		{8DDBEAEF-3523-4B5B-8E1B-76351E58E0D7}.Release|Any CPU.ActiveCfg = Release|Any CPU
		{8DDBEAEF-3523-4B5B-8E1B-76351E58E0D7}.Release|Any CPU.Build.0 = Release|Any CPU
		{8DDBEAEF-3523-4B5B-8E1B-76351E58E0D7}.Release|x64.ActiveCfg = Release|Any CPU
		{8DDBEAEF-3523-4B5B-8E1B-76351E58E0D7}.Release|x64.Build.0 = Release|Any CPU
		{8DDBEAEF-3523-4B5B-8E1B-76351E58E0D7}.Release|x86.ActiveCfg = Release|Any CPU
		{8DDBEAEF-3523-4B5B-8E1B-76351E58E0D7}.Release|x86.Build.0 = Release|Any CPU
		{896C7294-E635-4985-860B-E6380BB6E43A}.Debug|Any CPU.ActiveCfg = Debug|Any CPU
		{896C7294-E635-4985-860B-E6380BB6E43A}.Debug|Any CPU.Build.0 = Debug|Any CPU
		{896C7294-E635-4985-860B-E6380BB6E43A}.Debug|x64.ActiveCfg = Debug|Any CPU
		{896C7294-E635-4985-860B-E6380BB6E43A}.Debug|x64.Build.0 = Debug|Any CPU
		{896C7294-E635-4985-860B-E6380BB6E43A}.Debug|x86.ActiveCfg = Debug|Any CPU
		{896C7294-E635-4985-860B-E6380BB6E43A}.Debug|x86.Build.0 = Debug|Any CPU
		{896C7294-E635-4985-860B-E6380BB6E43A}.Release|Any CPU.ActiveCfg = Release|Any CPU
		{896C7294-E635-4985-860B-E6380BB6E43A}.Release|Any CPU.Build.0 = Release|Any CPU
		{896C7294-E635-4985-860B-E6380BB6E43A}.Release|x64.ActiveCfg = Release|Any CPU
		{896C7294-E635-4985-860B-E6380BB6E43A}.Release|x64.Build.0 = Release|Any CPU
		{896C7294-E635-4985-860B-E6380BB6E43A}.Release|x86.ActiveCfg = Release|Any CPU
		{896C7294-E635-4985-860B-E6380BB6E43A}.Release|x86.Build.0 = Release|Any CPU
	EndGlobalSection
EndGlobal
